
Microsoft Visual Studio Solution File, Format Version 12.00
# Visual Studio Version 16
VisualStudioVersion = 16.0.29230.47
MinimumVisualStudioVersion = 10.0.40219.1
Project("{FAE04EC0-301F-11D3-BF4B-00C04F79EFBC}") = "MVC_CRUD", "MVC_CRUD\MVC_CRUD.csproj", "{F4BF2FC2-45B9-4776-AF78-9DD553D717CC}"
EndProject
Global
	GlobalSection(SolutionConfigurationPlatforms) = preSolution
		Debug|Any CPU = Debug|Any CPU
		Release|Any CPU = Release|Any CPU
	EndGlobalSection
	GlobalSection(ProjectConfigurationPlatforms) = postSolution
		{F4BF2FC2-45B9-4776-AF78-9DD553D717CC}.Debug|Any CPU.ActiveCfg = Debug|Any CPU
		{F4BF2FC2-45B9-4776-AF78-9DD553D717CC}.Debug|Any CPU.Build.0 = Debug|Any CPU
		{F4BF2FC2-45B9-4776-AF78-9DD553D717CC}.Release|Any CPU.ActiveCfg = Release|Any CPU
		{F4BF2FC2-45B9-4776-AF78-9DD553D717CC}.Release|Any CPU.Build.0 = Release|Any CPU
	EndGlobalSection
	GlobalSection(SolutionProperties) = preSolution
		HideSolutionNode = FALSE
	EndGlobalSection
	GlobalSection(ExtensibilityGlobals) = postSolution
		SolutionGuid = {14D8EFDE-ECBF-42F4-9B48-09F8F4F69874}
	EndGlobalSection
EndGlobal
